<?xml version="1.0" encoding="UTF-8" standalone="yes" ?>
<CodeBlocks_project_file>
	<FileVersion major="1" minor="6" />
	<Project>
		<Option title="qa" />
		<Option pch_mode="2" />
		<Option compiler="gcc" />
		<Build>
			<Target title="Release">
				<Option output="qa1" prefix_auto="1" extension_auto="1" />
				<Option type="1" />
				<Option compiler="gcc" />
				<Compiler>
					<Add option="-O2" />
				</Compiler>
				<Linker>
					<Add option="-s" />
				</Linker>
			</Target>
		</Build>
		<Compiler>
			<Add option="-Wall" />
			<Add option="-fexceptions" />
		</Compiler>
		<Unit filename="1.cpp" />
		<Unit filename="23910.cpp" />
		<Unit filename="24405.cpp" />
		<Unit filename="24463.cpp" />
		<Unit filename="25912.cpp" />
		<Unit filename="5147.cpp" />
		<Unit filename="59782.cpp" />
		<Unit filename="65061.cpp" />
		<Unit filename="65164.cpp" />
		<Unit filename="69434.cpp" />
		<Unit filename="bitwisesample.cpp" />
		<Unit filename="findChessboardCorners.cpp" />
		<Unit filename="main.cpp" />
		<Unit filename="pointSetBoundingRect.cpp" />
		<Extensions>
			<code_completion />
			<envvars />
			<debugger />
			<lib_finder disable_auto="1" />
		</Extensions>
	</Project>
</CodeBlocks_project_file>
